// !$*UTF8*$!
{
	archiveVersion = 1;
	classes = {
	};
	objectVersion = 46;
	objects = {

/* Begin PBXBuildFile section */
		1D4E0CD21BA9DD4B007E59B1 /* main.m in Sources */ = {isa = PBXBuildFile; fileRef = 1D4E0CD11BA9DD4B007E59B1 /* main.m */; };
		1D4E0CD51BA9DD4B007E59B1 /* AppDelegate.m in Sources */ = {isa = PBXBuildFile; fileRef = 1D4E0CD41BA9DD4B007E59B1 /* AppDelegate.m */; };
		1D4E0CD81BA9DD4B007E59B1 /* Formatters.xcdatamodeld in Sources */ = {isa = PBXBuildFile; fileRef = 1D4E0CD61BA9DD4B007E59B1 /* Formatters.xcdatamodeld */; };
		1D4E0CDB1BA9DD4B007E59B1 /* ViewController.m in Sources */ = {isa = PBXBuildFile; fileRef = 1D4E0CDA1BA9DD4B007E59B1 /* ViewController.m */; };
		1D4E0CDE1BA9DD4B007E59B1 /* Main.storyboard in Resources */ = {isa = PBXBuildFile; fileRef = 1D4E0CDC1BA9DD4B007E59B1 /* Main.storyboard */; };
		1D4E0CE01BA9DD4B007E59B1 /* Images.xcassets in Resources */ = {isa = PBXBuildFile; fileRef = 1D4E0CDF1BA9DD4B007E59B1 /* Images.xcassets */; };
		1D4E0CE31BA9DD4B007E59B1 /* LaunchScreen.xib in Resources */ = {isa = PBXBuildFile; fileRef = 1D4E0CE11BA9DD4B007E59B1 /* LaunchScreen.xib */; };
		1D4E0CEF1BA9DD4B007E59B1 /* FormattersTests.m in Sources */ = {isa = PBXBuildFile; fileRef = 1D4E0CEE1BA9DD4B007E59B1 /* FormattersTests.m */; };
		1DE1D0571BABAA90001689CA /* CustomTableViewCell.m in Sources */ = {isa = PBXBuildFile; fileRef = 1DE1D0561BABAA90001689CA /* CustomTableViewCell.m */; };
		1DE1D05A1BABB042001689CA /* Message.m in Sources */ = {isa = PBXBuildFile; fileRef = 1DE1D0591BABB042001689CA /* Message.m */; };
/* End PBXBuildFile section */

/* Begin PBXContainerItemProxy section */
		1D4E0CE91BA9DD4B007E59B1 /* PBXContainerItemProxy */ = {
			isa = PBXContainerItemProxy;
			containerPortal = 1D4E0CC41BA9DD4B007E59B1 /* Project object */;
			proxyType = 1;
			remoteGlobalIDString = 1D4E0CCB1BA9DD4B007E59B1;
			remoteInfo = Formatters;
		};
/* End PBXContainerItemProxy section */

/* Begin PBXFileReference section */
		1D4E0CCC1BA9DD4B007E59B1 /* Formatters.app */ = {isa = PBXFileReference; explicitFileType = wrapper.application; includeInIndex = 0; path = Formatters.app; sourceTree = BUILT_PRODUCTS_DIR; };
		1D4E0CD01BA9DD4B007E59B1 /* Info.plist */ = {isa = PBXFileReference; lastKnownFileType = text.plist.xml; path = Info.plist; sourceTree = "<group>"; };
		1D4E0CD11BA9DD4B007E59B1 /* main.m */ = {isa = PBXFileReference; lastKnownFileType = sourcecode.c.objc; path = main.m; sourceTree = "<group>"; };
		1D4E0CD31BA9DD4B007E59B1 /* AppDelegate.h */ = {isa = PBXFileReference; lastKnownFileType = sourcecode.c.h; path = AppDelegate.h; sourceTree = "<group>"; };
		1D4E0CD41BA9DD4B007E59B1 /* AppDelegate.m */ = {isa = PBXFileReference; lastKnownFileType = sourcecode.c.objc; path = AppDelegate.m; sourceTree = "<group>"; };
		1D4E0CD71BA9DD4B007E59B1 /* Formatters.xcdatamodel */ = {isa = PBXFileReference; lastKnownFileType = wrapper.xcdatamodel; path = Formatters.xcdatamodel; sourceTree = "<group>"; };
		1D4E0CD91BA9DD4B007E59B1 /* ViewController.h */ = {isa = PBXFileReference; lastKnownFileType = sourcecode.c.h; path = ViewController.h; sourceTree = "<group>"; };
		1D4E0CDA1BA9DD4B007E59B1 /* ViewController.m */ = {isa = PBXFileReference; lastKnownFileType = sourcecode.c.objc; path = ViewController.m; sourceTree = "<group>"; };
		1D4E0CDD1BA9DD4B007E59B1 /* Base */ = {isa = PBXFileReference; lastKnownFileType = file.storyboard; name = Base; path = Base.lproj/Main.storyboard; sourceTree = "<group>"; };
		1D4E0CDF1BA9DD4B007E59B1 /* Images.xcassets */ = {isa = PBXFileReference; lastKnownFileType = folder.assetcatalog; path = Images.xcassets; sourceTree = "<group>"; };
		1D4E0CE21BA9DD4B007E59B1 /* Base */ = {isa = PBXFileReference; lastKnownFileType = file.xib; name = Base; path = Base.lproj/LaunchScreen.xib; sourceTree = "<group>"; };
		1D4E0CE81BA9DD4B007E59B1 /* FormattersTests.xctest */ = {isa = PBXFileReference; explicitFileType = wrapper.cfbundle; includeInIndex = 0; path = FormattersTests.xctest; sourceTree = BUILT_PRODUCTS_DIR; };
		1D4E0CED1BA9DD4B007E59B1 /* Info.plist */ = {isa = PBXFileReference; lastKnownFileType = text.plist.xml; path = Info.plist; sourceTree = "<group>"; };
		1D4E0CEE1BA9DD4B007E59B1 /* FormattersTests.m */ = {isa = PBXFileReference; lastKnownFileType = sourcecode.c.objc; path = FormattersTests.m; sourceTree = "<group>"; };
		1DE1D0551BABAA90001689CA /* CustomTableViewCell.h */ = {isa = PBXFileReference; fileEncoding = 4; lastKnownFileType = sourcecode.c.h; path = CustomTableViewCell.h; sourceTree = "<group>"; };
		1DE1D0561BABAA90001689CA /* CustomTableViewCell.m */ = {isa = PBXFileReference; fileEncoding = 4; lastKnownFileType = sourcecode.c.objc; path = CustomTableViewCell.m; sourceTree = "<group>"; };
		1DE1D0581BABB042001689CA /* Message.h */ = {isa = PBXFileReference; fileEncoding = 4; lastKnownFileType = sourcecode.c.h; path = Message.h; sourceTree = "<group>"; };
		1DE1D0591BABB042001689CA /* Message.m */ = {isa = PBXFileReference; fileEncoding = 4; lastKnownFileType = sourcecode.c.objc; path = Message.m; sourceTree = "<group>"; };
/* End PBXFileReference section */

/* Begin PBXFrameworksBuildPhase section */
		1D4E0CC91BA9DD4B007E59B1 /* Frameworks */ = {
			isa = PBXFrameworksBuildPhase;
			buildActionMask = 2147483647;
			files = (
			);
			runOnlyForDeploymentPostprocessing = 0;
		};
		1D4E0CE51BA9DD4B007E59B1 /* Frameworks */ = {
			isa = PBXFrameworksBuildPhase;
			buildActionMask = 2147483647;
			files = (
			);
			runOnlyForDeploymentPostprocessing = 0;
		};
/* End PBXFrameworksBuildPhase section */

/* Begin PBXGroup section */
		1D4E0CC31BA9DD4B007E59B1 = {
			isa = PBXGroup;
			children = (
				1D4E0CCE1BA9DD4B007E59B1 /* Formatters */,
				1D4E0CEB1BA9DD4B007E59B1 /* FormattersTests */,
				1D4E0CCD1BA9DD4B007E59B1 /* Products */,
			);
			sourceTree = "<group>";
		};
		1D4E0CCD1BA9DD4B007E59B1 /* Products */ = {
			isa = PBXGroup;
			children = (
				1D4E0CCC1BA9DD4B007E59B1 /* Formatters.app */,
				1D4E0CE81BA9DD4B007E59B1 /* FormattersTests.xctest */,
			);
			name = Products;
			sourceTree = "<group>";
		};
		1D4E0CCE1BA9DD4B007E59B1 /* Formatters */ = {
			isa = PBXGroup;
			children = (
				1D4E0CD31BA9DD4B007E59B1 /* AppDelegate.h */,
				1D4E0CD41BA9DD4B007E59B1 /* AppDelegate.m */,
				1D4E0CD91BA9DD4B007E59B1 /* ViewController.h */,
				1D4E0CDA1BA9DD4B007E59B1 /* ViewController.m */,
				1D4E0CDC1BA9DD4B007E59B1 /* Main.storyboard */,
				1DE1D0581BABB042001689CA /* Message.h */,
				1DE1D0591BABB042001689CA /* Message.m */,
				1DE1D0551BABAA90001689CA /* CustomTableViewCell.h */,
				1DE1D0561BABAA90001689CA /* CustomTableViewCell.m */,
				1D4E0CDF1BA9DD4B007E59B1 /* Images.xcassets */,
				1D4E0CE11BA9DD4B007E59B1 /* LaunchScreen.xib */,
				1D4E0CD61BA9DD4B007E59B1 /* Formatters.xcdatamodeld */,
				1D4E0CCF1BA9DD4B007E59B1 /* Supporting Files */,
			);
			path = Formatters;
			sourceTree = "<group>";
		};
		1D4E0CCF1BA9DD4B007E59B1 /* Supporting Files */ = {
			isa = PBXGroup;
			children = (
				1D4E0CD01BA9DD4B007E59B1 /* Info.plist */,
				1D4E0CD11BA9DD4B007E59B1 /* main.m */,
			);
			name = "Supporting Files";
			sourceTree = "<group>";
		};
		1D4E0CEB1BA9DD4B007E59B1 /* FormattersTests */ = {
			isa = PBXGroup;
			children = (
				1D4E0CEE1BA9DD4B007E59B1 /* FormattersTests.m */,
				1D4E0CEC1BA9DD4B007E59B1 /* Supporting Files */,
			);
			path = FormattersTests;
			sourceTree = "<group>";
		};
		1D4E0CEC1BA9DD4B007E59B1 /* Supporting Files */ = {
			isa = PBXGroup;
			children = (
				1D4E0CED1BA9DD4B007E59B1 /* Info.plist */,
			);
			name = "Supporting Files";
			sourceTree = "<group>";
		};
/* End PBXGroup section */

/* Begin PBXNativeTarget section */
		1D4E0CCB1BA9DD4B007E59B1 /* Formatters */ = {
			isa = PBXNativeTarget;
			buildConfigurationList = 1D4E0CF21BA9DD4B007E59B1 /* Build configuration list for PBXNativeTarget "Formatters" */;
			buildPhases = (
				1D4E0CC81BA9DD4B007E59B1 /* Sources */,
				1D4E0CC91BA9DD4B007E59B1 /* Frameworks */,
				1D4E0CCA1BA9DD4B007E59B1 /* Resources */,
			);
			buildRules = (
			);
			dependencies = (
			);
			name = Formatters;
			productName = Formatters;
			productReference = 1D4E0CCC1BA9DD4B007E59B1 /* Formatters.app */;
			productType = "com.apple.product-type.application";
		};
		1D4E0CE71BA9DD4B007E59B1 /* FormattersTests */ = {
			isa = PBXNativeTarget;
			buildConfigurationList = 1D4E0CF51BA9DD4B007E59B1 /* Build configuration list for PBXNativeTarget "FormattersTests" */;
			buildPhases = (
				1D4E0CE41BA9DD4B007E59B1 /* Sources */,
				1D4E0CE51BA9DD4B007E59B1 /* Frameworks */,
				1D4E0CE61BA9DD4B007E59B1 /* Resources */,
			);
			buildRules = (
			);
			dependencies = (
				1D4E0CEA1BA9DD4B007E59B1 /* PBXTargetDependency */,
			);
			name = FormattersTests;
			productName = FormattersTests;
			productReference = 1D4E0CE81BA9DD4B007E59B1 /* FormattersTests.xctest */;
			productType = "com.apple.product-type.bundle.unit-test";
		};
/* End PBXNativeTarget section */

/* Begin PBXProject section */
		1D4E0CC41BA9DD4B007E59B1 /* Project object */ = {
			isa = PBXProject;
			attributes = {
				LastUpgradeCheck = 0630;
				ORGANIZATIONNAME = "Omar Jair Castro Arreola";
				TargetAttributes = {
					1D4E0CCB1BA9DD4B007E59B1 = {
						CreatedOnToolsVersion = 6.3.2;
					};
					1D4E0CE71BA9DD4B007E59B1 = {
						CreatedOnToolsVersion = 6.3.2;
						TestTargetID = 1D4E0CCB1BA9DD4B007E59B1;
					};
				};
			};
			buildConfigurationList = 1D4E0CC71BA9DD4B007E59B1 /* Build configuration list for PBXProject "Formatters" */;
			compatibilityVersion = "Xcode 3.2";
			developmentRegion = English;
			hasScannedForEncodings = 0;
			knownRegions = (
				en,
				Base,
			);
			mainGroup = 1D4E0CC31BA9DD4B007E59B1;
			productRefGroup = 1D4E0CCD1BA9DD4B007E59B1 /* Products */;
			projectDirPath = "";
			projectRoot = "";
			targets = (
				1D4E0CCB1BA9DD4B007E59B1 /* Formatters */,
				1D4E0CE71BA9DD4B007E59B1 /* FormattersTests */,
			);
		};
/* End PBXProject section */

/* Begin PBXResourcesBuildPhase section */
		1D4E0CCA1BA9DD4B007E59B1 /* Resources */ = {
			isa = PBXResourcesBuildPhase;
			buildActionMask = 2147483647;
			files = (
				1D4E0CDE1BA9DD4B007E59B1 /* Main.storyboard in Resources */,
				1D4E0CE31BA9DD4B007E59B1 /* LaunchScreen.xib in Resources */,
				1D4E0CE01BA9DD4B007E59B1 /* Images.xcassets in Resources */,
			);
			runOnlyForDeploymentPostprocessing = 0;
		};
		1D4E0CE61BA9DD4B007E59B1 /* Resources */ = {
			isa = PBXResourcesBuildPhase;
			buildActionMask = 2147483647;
			files = (
			);
			runOnlyForDeploymentPostprocessing = 0;
		};
/* End PBXResourcesBuildPhase section */

/* Begin PBXSourcesBuildPhase section */
		1D4E0CC81BA9DD4B007E59B1 /* Sources */ = {
			isa = PBXSourcesBuildPhase;
			buildActionMask = 2147483647;
			files = (
				1D4E0CD81BA9DD4B007E59B1 /* Formatters.xcdatamodeld in Sources */,
				1DE1D05A1BABB042001689CA /* Message.m in Sources */,
				1D4E0CD51BA9DD4B007E59B1 /* AppDelegate.m in Sources */,
				1D4E0CDB1BA9DD4B007E59B1 /* ViewController.m in Sources */,
				1DE1D0571BABAA90001689CA /* CustomTableViewCell.m in Sources */,
				1D4E0CD21BA9DD4B007E59B1 /* main.m in Sources */,
			);
			runOnlyForDeploymentPostprocessing = 0;
		};
		1D4E0CE41BA9DD4B007E59B1 /* Sources */ = {
			isa = PBXSourcesBuildPhase;
			buildActionMask = 2147483647;
			files = (
				1D4E0CEF1BA9DD4B007E59B1 /* FormattersTests.m in Sources */,
			);
			runOnlyForDeploymentPostprocessing = 0;
		};
/* End PBXSourcesBuildPhase section */

/* Begin PBXTargetDependency section */
		1D4E0CEA1BA9DD4B007E59B1 /* PBXTargetDependency */ = {
			isa = PBXTargetDependency;
			target = 1D4E0CCB1BA9DD4B007E59B1 /* Formatters */;
			targetProxy = 1D4E0CE91BA9DD4B007E59B1 /* PBXContainerItemProxy */;
		};
/* End PBXTargetDependency section */

/* Begin PBXVariantGroup section */
		1D4E0CDC1BA9DD4B007E59B1 /* Main.storyboard */ = {
			isa = PBXVariantGroup;
			children = (
				1D4E0CDD1BA9DD4B007E59B1 /* Base */,
			);
			name = Main.storyboard;
			sourceTree = "<group>";
		};
		1D4E0CE11BA9DD4B007E59B1 /* LaunchScreen.xib */ = {
			isa = PBXVariantGroup;
			children = (
				1D4E0CE21BA9DD4B007E59B1 /* Base */,
			);
			name = LaunchScreen.xib;
			sourceTree = "<group>";
		};
/* End PBXVariantGroup section */

/* Begin XCBuildConfiguration section */
		1D4E0CF01BA9DD4B007E59B1 /* Debug */ = {
			isa = XCBuildConfiguration;
			buildSettings = {
				ALWAYS_SEARCH_USER_PATHS = NO;
				CLANG_CXX_LANGUAGE_STANDARD = "gnu++0x";
				CLANG_CXX_LIBRARY = "libc++";
				CLANG_ENABLE_MODULES = YES;
				CLANG_ENABLE_OBJC_ARC = YES;
				CLANG_WARN_BOOL_CONVERSION = YES;
				CLANG_WARN_CONSTANT_CONVERSION = YES;
				CLANG_WARN_DIRECT_OBJC_ISA_USAGE = YES_ERROR;
				CLANG_WARN_EMPTY_BODY = YES;
				CLANG_WARN_ENUM_CONVERSION = YES;
				CLANG_WARN_INT_CONVERSION = YES;
				CLANG_WARN_OBJC_ROOT_CLASS = YES_ERROR;
				CLANG_WARN_UNREACHABLE_CODE = YES;
				CLANG_WARN__DUPLICATE_METHOD_MATCH = YES;
				"CODE_SIGN_IDENTITY[sdk=iphoneos*]" = "iPhone Developer";
				COPY_PHASE_STRIP = NO;
				DEBUG_INFORMATION_FORMAT = "dwarf-with-dsym";
				ENABLE_STRICT_OBJC_MSGSEND = YES;
				GCC_C_LANGUAGE_STANDARD = gnu99;
				GCC_DYNAMIC_NO_PIC = NO;
				GCC_NO_COMMON_BLOCKS = YES;
				GCC_OPTIMIZATION_LEVEL = 0;
				GCC_PREPROCESSOR_DEFINITIONS = (
					"DEBUG=1",
					"$(inherited)",
				);
				GCC_SYMBOLS_PRIVATE_EXTERN = NO;
				GCC_WARN_64_TO_32_BIT_CONVERSION = YES;
				GCC_WARN_ABOUT_RETURN_TYPE = YES_ERROR;
				GCC_WARN_UNDECLARED_SELECTOR = YES;
				GCC_WARN_UNINITIALIZED_AUTOS = YES_AGGRESSIVE;
				GCC_WARN_UNUSED_FUNCTION = YES;
				GCC_WARN_UNUSED_VARIABLE = YES;
				IPHONEOS_DEPLOYMENT_TARGET = 8.3;
				MTL_ENABLE_DEBUG_INFO = YES;
				ONLY_ACTIVE_ARCH = YES;
				SDKROOT = iphoneos;
				TARGETED_DEVICE_FAMILY = "1,2";
			};
			name = Debug;
		};
		1D4E0CF11BA9DD4B007E59B1 /* Release */ = {
			isa = XCBuildConfiguration;
			buildSettings = {
				ALWAYS_SEARCH_USER_PATHS = NO;
				CLANG_CXX_LANGUAGE_STANDARD = "gnu++0x";
				CLANG_CXX_LIBRARY = "libc++";
				CLANG_ENABLE_MODULES = YES;
				CLANG_ENABLE_OBJC_ARC = YES;
				CLANG_WARN_BOOL_CONVERSION = YES;
				CLANG_WARN_CONSTANT_CONVERSION = YES;
				CLANG_WARN_DIRECT_OBJC_ISA_USAGE = YES_ERROR;
				CLANG_WARN_EMPTY_BODY = YES;
				CLANG_WARN_ENUM_CONVERSION = YES;
				CLANG_WARN_INT_CONVERSION = YES;
				CLANG_WARN_OBJC_ROOT_CLASS = YES_ERROR;
				CLANG_WARN_UNREACHABLE_CODE = YES;
				CLANG_WARN__DUPLICATE_METHOD_MATCH = YES;
				"CODE_SIGN_IDENTITY[sdk=iphoneos*]" = "iPhone Developer";
				COPY_PHASE_STRIP = NO;
				DEBUG_INFORMATION_FORMAT = "dwarf-with-dsym";
				ENABLE_NS_ASSERTIONS = NO;
				ENABLE_STRICT_OBJC_MSGSEND = YES;
				GCC_C_LANGUAGE_STANDARD = gnu99;
				GCC_NO_COMMON_BLOCKS = YES;
				GCC_WARN_64_TO_32_BIT_CONVERSION = YES;
				GCC_WARN_ABOUT_RETURN_TYPE = YES_ERROR;
				GCC_WARN_UNDECLARED_SELECTOR = YES;
				GCC_WARN_UNINITIALIZED_AUTOS = YES_AGGRESSIVE;
				GCC_WARN_UNUSED_FUNCTION = YES;
				GCC_WARN_UNUSED_VARIABLE = YES;
				IPHONEOS_DEPLOYMENT_TARGET = 8.3;
				MTL_ENABLE_DEBUG_INFO = NO;
				SDKROOT = iphoneos;
				TARGETED_DEVICE_FAMILY = "1,2";
				VALIDATE_PRODUCT = YES;
			};
			name = Release;
		};
		1D4E0CF31BA9DD4B007E59B1 /* Debug */ = {
			isa = XCBuildConfiguration;
			buildSettings = {
				ASSETCATALOG_COMPILER_APPICON_NAME = AppIcon;
				INFOPLIST_FILE = Formatters/Info.plist;
				IPHONEOS_DEPLOYMENT_TARGET = 7.0;
				LD_RUNPATH_SEARCH_PATHS = "$(inherited) @executable_path/Frameworks";
				PRODUCT_NAME = "$(TARGET_NAME)";
			};
			name = Debug;
		};
		1D4E0CF41BA9DD4B007E59B1 /* Release */ = {
			isa = XCBuildConfiguration;
			buildSettings = {
				ASSETCATALOG_COMPILER_APPICON_NAME = AppIcon;
				INFOPLIST_FILE = Formatters/Info.plist;
				IPHONEOS_DEPLOYMENT_TARGET = 7.0;
				LD_RUNPATH_SEARCH_PATHS = "$(inherited) @executable_path/Frameworks";
				PRODUCT_NAME = "$(TARGET_NAME)";
			};
			name = Release;
		};
		1D4E0CF61BA9DD4B007E59B1 /* Debug */ = {
			isa = XCBuildConfiguration;
			buildSettings = {
				BUNDLE_LOADER = "$(TEST_HOST)";
				FRAMEWORK_SEARCH_PATHS = (
					"$(SDKROOT)/Developer/Library/Frameworks",
					"$(inherited)",
				);
				GCC_PREPROCESSOR_DEFINITIONS = (
					"DEBUG=1",
					"$(inherited)",
				);
				INFOPLIST_FILE = FormattersTests/Info.plist;
				LD_RUNPATH_SEARCH_PATHS = "$(inherited) @executable_path/Frameworks @loader_path/Frameworks";
				PRODUCT_NAME = "$(TARGET_NAME)";
				TEST_HOST = "$(BUILT_PRODUCTS_DIR)/Formatters.app/Formatters";
			};
			name = Debug;
		};
		1D4E0CF71BA9DD4B007E59B1 /* Release */ = {
			isa = XCBuildConfiguration;
			buildSettings = {
				BUNDLE_LOADER = "$(TEST_HOST)";
				FRAMEWORK_SEARCH_PATHS = (
					"$(SDKROOT)/Developer/Library/Frameworks",
					"$(inherited)",
				);
				INFOPLIST_FILE = FormattersTests/Info.plist;
				LD_RUNPATH_SEARCH_PATHS = "$(inherited) @executable_path/Frameworks @loader_path/Frameworks";
				PRODUCT_NAME = "$(TARGET_NAME)";
				TEST_HOST = "$(BUILT_PRODUCTS_DIR)/Formatters.app/Formatters";
			};
			name = Release;
		};
/* End XCBuildConfiguration section */

/* Begin XCConfigurationList section */
		1D4E0CC71BA9DD4B007E59B1 /* Build configuration list for PBXProject "Formatters" */ = {
			isa = XCConfigurationList;
			buildConfigurations = (
				1D4E0CF01BA9DD4B007E59B1 /* Debug */,
				1D4E0CF11BA9DD4B007E59B1 /* Release */,
			);
			defaultConfigurationIsVisible = 0;
			defaultConfigurationName = Release;
		};
		1D4E0CF21BA9DD4B007E59B1 /* Build configuration list for PBXNativeTarget "Formatters" */ = {
			isa = XCConfigurationList;
			buildConfigurations = (
				1D4E0CF31BA9DD4B007E59B1 /* Debug */,
				1D4E0CF41BA9DD4B007E59B1 /* Release */,
			);
			defaultConfigurationIsVisible = 0;
			defaultConfigurationName = Release;
		};
		1D4E0CF51BA9DD4B007E59B1 /* Build configuration list for PBXNativeTarget "FormattersTests" */ = {
			isa = XCConfigurationList;
			buildConfigurations = (
				1D4E0CF61BA9DD4B007E59B1 /* Debug */,
				1D4E0CF71BA9DD4B007E59B1 /* Release */,
			);
			defaultConfigurationIsVisible = 0;
			defaultConfigurationName = Release;
		};
/* End XCConfigurationList section */

/* Begin XCVersionGroup section */
		1D4E0CD61BA9DD4B007E59B1 /* Formatters.xcdatamodeld */ = {
			isa = XCVersionGroup;
			children = (
				1D4E0CD71BA9DD4B007E59B1 /* Formatters.xcdatamodel */,
			);
			currentVersion = 1D4E0CD71BA9DD4B007E59B1 /* Formatters.xcdatamodel */;
			path = Formatters.xcdatamodeld;
			sourceTree = "<group>";
			versionGroupType = wrapper.xcdatamodel;
		};
/* End XCVersionGroup section */
	};
	rootObject = 1D4E0CC41BA9DD4B007E59B1 /* Project object */;
}
